<?xml version="1.0" encoding="utf-8"?>
<Project ToolsVersion="4.0" xmlns="http://schemas.microsoft.com/developer/msbuild/2003">
  <ItemGroup>
    <ClCompile Include="Source Files\main.cpp" />
    <ClCompile Include="Source Files\Math Utilities\vector3d.cpp" />
    <ClCompile Include="Source Files\Math Utilities\matrix3x3.cpp" />
    <ClCompile Include="Source Files\Math Utilities\matrix4x4.cpp" />
    <ClCompile Include="Source Files\Common\pchdr.h" />
    <ClCompile Include="Source Files\GraphicsFlow\Graphing2D.cpp" />
    <ClCompile Include="Source Files\Geometry\Triangle.cpp" />
    <ClCompile Include="Source Files\Math Utilities\vector2d.cpp" />
    <ClCompile Include="Source Files\Geometry\Mesh.cpp" />
    <ClCompile Include="Source Files\GraphicsFlow\GraphicsPipeline.cpp" />
  </ItemGroup>
  <ItemGroup>
    <ClInclude Include="Source Files\Math Utilities\vector3d.h" />
    <ClInclude Include="Source Files\Math Utilities\matrix3x3.h" />
    <ClInclude Include="Source Files\Common\FXTypes.h" />
    <ClInclude Include="Source Files\Math Utilities\matrix4x4.h" />
    <ClInclude Include="Source Files\Math Utilities\CommonMathPreHeader.h" />
    <ClInclude Include="Source Files\GraphicsFlow\Graphing2D.h" />
    <ClInclude Include="Source Files\Geometry\Triangle.h" />
    <ClInclude Include="Source Files\Math Utilities\vector2d.h" />
    <ClInclude Include="Source Files\Geometry\Mesh.h" />
    <ClInclude Include="Source Files\GraphicsFlow\GraphicsPipeline.h" />
  </ItemGroup>
  <ItemGroup>
    <Object Include="Resource Files\axis.obj" />
    <Object Include="Resource Files\mountains.obj" />
    <Object Include="Resource Files\teapot.obj" />
    <Object Include="Resource Files\textureMesh.obj" />
  </ItemGroup>
</Project>